
Microsoft Visual Studio Solution File, Format Version 12.00
# Visual Studio 15
Project("{FAE04EC0-301F-11D3-BF4B-00C04F79EFBC}") = "Assembly-CSharp", "Assembly-CSharp.csproj", "{A068F8AF-658E-A4E6-1327-DC98649E7044}"
EndProject
Project("{FAE04EC0-301F-11D3-BF4B-00C04F79EFBC}") = "Assembly-CSharp-Editor", "Assembly-CSharp-Editor.csproj", "{2721217E-7B63-830A-7250-5F11389BC61F}"
EndProject
Global
	GlobalSection(SolutionConfigurationPlatforms) = preSolution
		Debug|Any CPU = Debug|Any CPU
		Release|Any CPU = Release|Any CPU
	EndGlobalSection
	GlobalSection(ProjectConfigurationPlatforms) = postSolution
		{A068F8AF-658E-A4E6-1327-DC98649E7044}.Debug|Any CPU.ActiveCfg = Debug|Any CPU
		{A068F8AF-658E-A4E6-1327-DC98649E7044}.Debug|Any CPU.Build.0 = Debug|Any CPU
		{A068F8AF-658E-A4E6-1327-DC98649E7044}.Release|Any CPU.ActiveCfg = Release|Any CPU
		{A068F8AF-658E-A4E6-1327-DC98649E7044}.Release|Any CPU.Build.0 = Release|Any CPU
		{2721217E-7B63-830A-7250-5F11389BC61F}.Debug|Any CPU.ActiveCfg = Debug|Any CPU
		{2721217E-7B63-830A-7250-5F11389BC61F}.Debug|Any CPU.Build.0 = Debug|Any CPU
		{2721217E-7B63-830A-7250-5F11389BC61F}.Release|Any CPU.ActiveCfg = Release|Any CPU
		{2721217E-7B63-830A-7250-5F11389BC61F}.Release|Any CPU.Build.0 = Release|Any CPU
	EndGlobalSection
	GlobalSection(SolutionProperties) = preSolution
		HideSolutionNode = FALSE
	EndGlobalSection
EndGlobal
